// !$*UTF8*$!
{
	archiveVersion = 1;
	classes = {
	};
	objectVersion = 46;
	objects = {

/* Begin PBXBuildFile section */
		08F5BA891B8D59970099E0D9 /* AppDelegate.swift in Sources */ = {isa = PBXBuildFile; fileRef = 08F5BA881B8D59970099E0D9 /* AppDelegate.swift */; };
		08F5BA8B1B8D59970099E0D9 /* ViewController.swift in Sources */ = {isa = PBXBuildFile; fileRef = 08F5BA8A1B8D59970099E0D9 /* ViewController.swift */; };
		08F5BA8E1B8D59970099E0D9 /* Main.storyboard in Resources */ = {isa = PBXBuildFile; fileRef = 08F5BA8C1B8D59970099E0D9 /* Main.storyboard */; };
		08F5BA901B8D59970099E0D9 /* Images.xcassets in Resources */ = {isa = PBXBuildFile; fileRef = 08F5BA8F1B8D59970099E0D9 /* Images.xcassets */; };
		08F5BA931B8D59970099E0D9 /* LaunchScreen.xib in Resources */ = {isa = PBXBuildFile; fileRef = 08F5BA911B8D59970099E0D9 /* LaunchScreen.xib */; };
		08F5BA9F1B8D59970099E0D9 /* GYOMERATests.swift in Sources */ = {isa = PBXBuildFile; fileRef = 08F5BA9E1B8D59970099E0D9 /* GYOMERATests.swift */; };
		08F5BAA91B8D59D30099E0D9 /* AVFoundation.framework in Frameworks */ = {isa = PBXBuildFile; fileRef = 08F5BAA81B8D59D30099E0D9 /* AVFoundation.framework */; };
		08F5BAAB1B8D5F710099E0D9 /* CameraButton.png in Resources */ = {isa = PBXBuildFile; fileRef = 08F5BAAA1B8D5F710099E0D9 /* CameraButton.png */; };
		08F5BAAF1B8DA4090099E0D9 /* ChooseTagViewController.swift in Sources */ = {isa = PBXBuildFile; fileRef = 08F5BAAE1B8DA4090099E0D9 /* ChooseTagViewController.swift */; };
		08F5BAB11B8E7EE00099E0D9 /* GYOMERAstart.png in Resources */ = {isa = PBXBuildFile; fileRef = 08F5BAB01B8E7EE00099E0D9 /* GYOMERAstart.png */; };
		08F5BABC1B8E980C0099E0D9 /* FaceThumbnailCropper.m in Sources */ = {isa = PBXBuildFile; fileRef = 08F5BAB51B8E980C0099E0D9 /* FaceThumbnailCropper.m */; };
		08F5BABD1B8E980C0099E0D9 /* ReKognitionResults.m in Sources */ = {isa = PBXBuildFile; fileRef = 08F5BAB71B8E980C0099E0D9 /* ReKognitionResults.m */; };
		08F5BABE1B8E980C0099E0D9 /* RekognitionSDK.m in Sources */ = {isa = PBXBuildFile; fileRef = 08F5BAB91B8E980C0099E0D9 /* RekognitionSDK.m */; };
		08F5BABF1B8E980C0099E0D9 /* RekoImageToolbox.m in Sources */ = {isa = PBXBuildFile; fileRef = 08F5BABB1B8E980C0099E0D9 /* RekoImageToolbox.m */; };
		08F5BAC31B8E99430099E0D9 /* CoreVideo.framework in Frameworks */ = {isa = PBXBuildFile; fileRef = 08F5BAC21B8E99430099E0D9 /* CoreVideo.framework */; };
		08F5BAC51B8E994F0099E0D9 /* CoreMedia.framework in Frameworks */ = {isa = PBXBuildFile; fileRef = 08F5BAC41B8E994F0099E0D9 /* CoreMedia.framework */; };
		08F5BAC71B8E99580099E0D9 /* MobileCoreServices.framework in Frameworks */ = {isa = PBXBuildFile; fileRef = 08F5BAC61B8E99580099E0D9 /* MobileCoreServices.framework */; };
		08F5BAC91B8E99650099E0D9 /* Accelerate.framework in Frameworks */ = {isa = PBXBuildFile; fileRef = 08F5BAC81B8E99650099E0D9 /* Accelerate.framework */; };
		08F5BACB1B8E99710099E0D9 /* AudioToolbox.framework in Frameworks */ = {isa = PBXBuildFile; fileRef = 08F5BACA1B8E99710099E0D9 /* AudioToolbox.framework */; };
		08F5BACD1B8E99880099E0D9 /* QuartzCore.framework in Frameworks */ = {isa = PBXBuildFile; fileRef = 08F5BACC1B8E99880099E0D9 /* QuartzCore.framework */; };
		08F5BACF1B8E99910099E0D9 /* ImageIO.framework in Frameworks */ = {isa = PBXBuildFile; fileRef = 08F5BACE1B8E99910099E0D9 /* ImageIO.framework */; };
		08F5BAD11B8E99A40099E0D9 /* AssetsLibrary.framework in Frameworks */ = {isa = PBXBuildFile; fileRef = 08F5BAD01B8E99A40099E0D9 /* AssetsLibrary.framework */; };
		08F5BAD31B8E99BA0099E0D9 /* Foundation.framework in Frameworks */ = {isa = PBXBuildFile; fileRef = 08F5BAD21B8E99BA0099E0D9 /* Foundation.framework */; };
		08F5BB081B8EAD5A0099E0D9 /* SVIndefiniteAnimatedView.m in Sources */ = {isa = PBXBuildFile; fileRef = 08F5BB011B8EAD5A0099E0D9 /* SVIndefiniteAnimatedView.m */; };
		08F5BB091B8EAD5A0099E0D9 /* SVProgressHUD.bundle in Resources */ = {isa = PBXBuildFile; fileRef = 08F5BB031B8EAD5A0099E0D9 /* SVProgressHUD.bundle */; };
		08F5BB0A1B8EAD5A0099E0D9 /* SVProgressHUD.m in Sources */ = {isa = PBXBuildFile; fileRef = 08F5BB051B8EAD5A0099E0D9 /* SVProgressHUD.m */; };
		08F5BB0B1B8EAD5A0099E0D9 /* SVRadialGradientLayer.m in Sources */ = {isa = PBXBuildFile; fileRef = 08F5BB071B8EAD5A0099E0D9 /* SVRadialGradientLayer.m */; };
/* End PBXBuildFile section */

/* Begin PBXContainerItemProxy section */
		08F5BA991B8D59970099E0D9 /* PBXContainerItemProxy */ = {
			isa = PBXContainerItemProxy;
			containerPortal = 08F5BA7B1B8D59970099E0D9 /* Project object */;
			proxyType = 1;
			remoteGlobalIDString = 08F5BA821B8D59970099E0D9;
			remoteInfo = GYOMERA;
		};
/* End PBXContainerItemProxy section */

/* Begin PBXFileReference section */
		08F5BA831B8D59970099E0D9 /* GYOMERA.app */ = {isa = PBXFileReference; explicitFileType = wrapper.application; includeInIndex = 0; path = GYOMERA.app; sourceTree = BUILT_PRODUCTS_DIR; };
		08F5BA871B8D59970099E0D9 /* Info.plist */ = {isa = PBXFileReference; lastKnownFileType = text.plist.xml; path = Info.plist; sourceTree = "<group>"; };
		08F5BA881B8D59970099E0D9 /* AppDelegate.swift */ = {isa = PBXFileReference; lastKnownFileType = sourcecode.swift; path = AppDelegate.swift; sourceTree = "<group>"; };
		08F5BA8A1B8D59970099E0D9 /* ViewController.swift */ = {isa = PBXFileReference; lastKnownFileType = sourcecode.swift; path = ViewController.swift; sourceTree = "<group>"; };
		08F5BA8D1B8D59970099E0D9 /* Base */ = {isa = PBXFileReference; lastKnownFileType = file.storyboard; name = Base; path = Base.lproj/Main.storyboard; sourceTree = "<group>"; };
		08F5BA8F1B8D59970099E0D9 /* Images.xcassets */ = {isa = PBXFileReference; lastKnownFileType = folder.assetcatalog; path = Images.xcassets; sourceTree = "<group>"; };
		08F5BA921B8D59970099E0D9 /* Base */ = {isa = PBXFileReference; lastKnownFileType = file.xib; name = Base; path = Base.lproj/LaunchScreen.xib; sourceTree = "<group>"; };
		08F5BA981B8D59970099E0D9 /* GYOMERATests.xctest */ = {isa = PBXFileReference; explicitFileType = wrapper.cfbundle; includeInIndex = 0; path = GYOMERATests.xctest; sourceTree = BUILT_PRODUCTS_DIR; };
		08F5BA9D1B8D59970099E0D9 /* Info.plist */ = {isa = PBXFileReference; lastKnownFileType = text.plist.xml; path = Info.plist; sourceTree = "<group>"; };
		08F5BA9E1B8D59970099E0D9 /* GYOMERATests.swift */ = {isa = PBXFileReference; lastKnownFileType = sourcecode.swift; path = GYOMERATests.swift; sourceTree = "<group>"; };
		08F5BAA81B8D59D30099E0D9 /* AVFoundation.framework */ = {isa = PBXFileReference; lastKnownFileType = wrapper.framework; name = AVFoundation.framework; path = System/Library/Frameworks/AVFoundation.framework; sourceTree = SDKROOT; };
		08F5BAAA1B8D5F710099E0D9 /* CameraButton.png */ = {isa = PBXFileReference; lastKnownFileType = image.png; name = CameraButton.png; path = GYOMERA/CameraButton.png; sourceTree = "<group>"; };
		08F5BAAE1B8DA4090099E0D9 /* ChooseTagViewController.swift */ = {isa = PBXFileReference; fileEncoding = 4; lastKnownFileType = sourcecode.swift; name = ChooseTagViewController.swift; path = ../ChooseTagViewController.swift; sourceTree = "<group>"; };
		08F5BAB01B8E7EE00099E0D9 /* GYOMERAstart.png */ = {isa = PBXFileReference; lastKnownFileType = image.png; name = GYOMERAstart.png; path = GYOMERA/GYOMERAstart.png; sourceTree = "<group>"; };
		08F5BAB41B8E980C0099E0D9 /* FaceThumbnailCropper.h */ = {isa = PBXFileReference; fileEncoding = 4; lastKnownFileType = sourcecode.c.h; path = FaceThumbnailCropper.h; sourceTree = "<group>"; };
		08F5BAB51B8E980C0099E0D9 /* FaceThumbnailCropper.m */ = {isa = PBXFileReference; fileEncoding = 4; lastKnownFileType = sourcecode.c.objc; path = FaceThumbnailCropper.m; sourceTree = "<group>"; };
		08F5BAB61B8E980C0099E0D9 /* ReKognitionResults.h */ = {isa = PBXFileReference; fileEncoding = 4; lastKnownFileType = sourcecode.c.h; path = ReKognitionResults.h; sourceTree = "<group>"; };
		08F5BAB71B8E980C0099E0D9 /* ReKognitionResults.m */ = {isa = PBXFileReference; fileEncoding = 4; lastKnownFileType = sourcecode.c.objc; path = ReKognitionResults.m; sourceTree = "<group>"; };
		08F5BAB81B8E980C0099E0D9 /* ReKognitionSDK.h */ = {isa = PBXFileReference; fileEncoding = 4; lastKnownFileType = sourcecode.c.h; path = ReKognitionSDK.h; sourceTree = "<group>"; };
		08F5BAB91B8E980C0099E0D9 /* RekognitionSDK.m */ = {isa = PBXFileReference; fileEncoding = 4; lastKnownFileType = sourcecode.c.objc; path = RekognitionSDK.m; sourceTree = "<group>"; };
		08F5BABA1B8E980C0099E0D9 /* RekoImageToolbox.h */ = {isa = PBXFileReference; fileEncoding = 4; lastKnownFileType = sourcecode.c.h; path = RekoImageToolbox.h; sourceTree = "<group>"; };
		08F5BABB1B8E980C0099E0D9 /* RekoImageToolbox.m */ = {isa = PBXFileReference; fileEncoding = 4; lastKnownFileType = sourcecode.c.objc; path = RekoImageToolbox.m; sourceTree = "<group>"; };
		08F5BAC21B8E99430099E0D9 /* CoreVideo.framework */ = {isa = PBXFileReference; lastKnownFileType = wrapper.framework; name = CoreVideo.framework; path = System/Library/Frameworks/CoreVideo.framework; sourceTree = SDKROOT; };
		08F5BAC41B8E994F0099E0D9 /* CoreMedia.framework */ = {isa = PBXFileReference; lastKnownFileType = wrapper.framework; name = CoreMedia.framework; path = System/Library/Frameworks/CoreMedia.framework; sourceTree = SDKROOT; };
		08F5BAC61B8E99580099E0D9 /* MobileCoreServices.framework */ = {isa = PBXFileReference; lastKnownFileType = wrapper.framework; name = MobileCoreServices.framework; path = System/Library/Frameworks/MobileCoreServices.framework; sourceTree = SDKROOT; };
		08F5BAC81B8E99650099E0D9 /* Accelerate.framework */ = {isa = PBXFileReference; lastKnownFileType = wrapper.framework; name = Accelerate.framework; path = System/Library/Frameworks/Accelerate.framework; sourceTree = SDKROOT; };
		08F5BACA1B8E99710099E0D9 /* AudioToolbox.framework */ = {isa = PBXFileReference; lastKnownFileType = wrapper.framework; name = AudioToolbox.framework; path = System/Library/Frameworks/AudioToolbox.framework; sourceTree = SDKROOT; };
		08F5BACC1B8E99880099E0D9 /* QuartzCore.framework */ = {isa = PBXFileReference; lastKnownFileType = wrapper.framework; name = QuartzCore.framework; path = System/Library/Frameworks/QuartzCore.framework; sourceTree = SDKROOT; };
		08F5BACE1B8E99910099E0D9 /* ImageIO.framework */ = {isa = PBXFileReference; lastKnownFileType = wrapper.framework; name = ImageIO.framework; path = System/Library/Frameworks/ImageIO.framework; sourceTree = SDKROOT; };
		08F5BAD01B8E99A40099E0D9 /* AssetsLibrary.framework */ = {isa = PBXFileReference; lastKnownFileType = wrapper.framework; name = AssetsLibrary.framework; path = System/Library/Frameworks/AssetsLibrary.framework; sourceTree = SDKROOT; };
		08F5BAD21B8E99BA0099E0D9 /* Foundation.framework */ = {isa = PBXFileReference; lastKnownFileType = wrapper.framework; name = Foundation.framework; path = System/Library/Frameworks/Foundation.framework; sourceTree = SDKROOT; };
		08F5BAFE1B8EA16B0099E0D9 /* GYOMERA-Bridging-Header.h */ = {isa = PBXFileReference; fileEncoding = 4; lastKnownFileType = sourcecode.c.h; name = "GYOMERA-Bridging-Header.h"; path = "GYOMERA/GYOMERA-Bridging-Header.h"; sourceTree = "<group>"; };
		08F5BB001B8EAD5A0099E0D9 /* SVIndefiniteAnimatedView.h */ = {isa = PBXFileReference; fileEncoding = 4; lastKnownFileType = sourcecode.c.h; path = SVIndefiniteAnimatedView.h; sourceTree = "<group>"; };
		08F5BB011B8EAD5A0099E0D9 /* SVIndefiniteAnimatedView.m */ = {isa = PBXFileReference; fileEncoding = 4; lastKnownFileType = sourcecode.c.objc; path = SVIndefiniteAnimatedView.m; sourceTree = "<group>"; };
		08F5BB021B8EAD5A0099E0D9 /* SVProgressHUD-Prefix.pch */ = {isa = PBXFileReference; fileEncoding = 4; lastKnownFileType = sourcecode.c.h; path = "SVProgressHUD-Prefix.pch"; sourceTree = "<group>"; };
		08F5BB031B8EAD5A0099E0D9 /* SVProgressHUD.bundle */ = {isa = PBXFileReference; lastKnownFileType = "wrapper.plug-in"; path = SVProgressHUD.bundle; sourceTree = "<group>"; };
		08F5BB041B8EAD5A0099E0D9 /* SVProgressHUD.h */ = {isa = PBXFileReference; fileEncoding = 4; lastKnownFileType = sourcecode.c.h; path = SVProgressHUD.h; sourceTree = "<group>"; };
		08F5BB051B8EAD5A0099E0D9 /* SVProgressHUD.m */ = {isa = PBXFileReference; fileEncoding = 4; lastKnownFileType = sourcecode.c.objc; path = SVProgressHUD.m; sourceTree = "<group>"; };
		08F5BB061B8EAD5A0099E0D9 /* SVRadialGradientLayer.h */ = {isa = PBXFileReference; fileEncoding = 4; lastKnownFileType = sourcecode.c.h; path = SVRadialGradientLayer.h; sourceTree = "<group>"; };
		08F5BB071B8EAD5A0099E0D9 /* SVRadialGradientLayer.m */ = {isa = PBXFileReference; fileEncoding = 4; lastKnownFileType = sourcecode.c.objc; path = SVRadialGradientLayer.m; sourceTree = "<group>"; };
/* End PBXFileReference section */

/* Begin PBXFrameworksBuildPhase section */
		08F5BA801B8D59970099E0D9 /* Frameworks */ = {
			isa = PBXFrameworksBuildPhase;
			buildActionMask = 2147483647;
			files = (
				08F5BAD31B8E99BA0099E0D9 /* Foundation.framework in Frameworks */,
				08F5BAD11B8E99A40099E0D9 /* AssetsLibrary.framework in Frameworks */,
				08F5BACF1B8E99910099E0D9 /* ImageIO.framework in Frameworks */,
				08F5BACD1B8E99880099E0D9 /* QuartzCore.framework in Frameworks */,
				08F5BACB1B8E99710099E0D9 /* AudioToolbox.framework in Frameworks */,
				08F5BAC91B8E99650099E0D9 /* Accelerate.framework in Frameworks */,
				08F5BAC71B8E99580099E0D9 /* MobileCoreServices.framework in Frameworks */,
				08F5BAC51B8E994F0099E0D9 /* CoreMedia.framework in Frameworks */,
				08F5BAC31B8E99430099E0D9 /* CoreVideo.framework in Frameworks */,
				08F5BAA91B8D59D30099E0D9 /* AVFoundation.framework in Frameworks */,
			);
			runOnlyForDeploymentPostprocessing = 0;
		};
		08F5BA951B8D59970099E0D9 /* Frameworks */ = {
			isa = PBXFrameworksBuildPhase;
			buildActionMask = 2147483647;
			files = (
			);
			runOnlyForDeploymentPostprocessing = 0;
		};
/* End PBXFrameworksBuildPhase section */

/* Begin PBXGroup section */
		08F5BA7A1B8D59970099E0D9 = {
			isa = PBXGroup;
			children = (
				08F5BAFE1B8EA16B0099E0D9 /* GYOMERA-Bridging-Header.h */,
				08F5BAD21B8E99BA0099E0D9 /* Foundation.framework */,
				08F5BAD01B8E99A40099E0D9 /* AssetsLibrary.framework */,
				08F5BACE1B8E99910099E0D9 /* ImageIO.framework */,
				08F5BACC1B8E99880099E0D9 /* QuartzCore.framework */,
				08F5BACA1B8E99710099E0D9 /* AudioToolbox.framework */,
				08F5BAC81B8E99650099E0D9 /* Accelerate.framework */,
				08F5BAC61B8E99580099E0D9 /* MobileCoreServices.framework */,
				08F5BAC41B8E994F0099E0D9 /* CoreMedia.framework */,
				08F5BAC21B8E99430099E0D9 /* CoreVideo.framework */,
				08F5BAB21B8E7EF00099E0D9 /* Design */,
				08F5BAA81B8D59D30099E0D9 /* AVFoundation.framework */,
				08F5BA851B8D59970099E0D9 /* GYOMERA */,
				08F5BA9B1B8D59970099E0D9 /* GYOMERATests */,
				08F5BA841B8D59970099E0D9 /* Products */,
			);
			sourceTree = "<group>";
		};
		08F5BA841B8D59970099E0D9 /* Products */ = {
			isa = PBXGroup;
			children = (
				08F5BA831B8D59970099E0D9 /* GYOMERA.app */,
				08F5BA981B8D59970099E0D9 /* GYOMERATests.xctest */,
			);
			name = Products;
			sourceTree = "<group>";
		};
		08F5BA851B8D59970099E0D9 /* GYOMERA */ = {
			isa = PBXGroup;
			children = (
				08F5BAB31B8E980C0099E0D9 /* SDK */,
				08F5BA881B8D59970099E0D9 /* AppDelegate.swift */,
				08F5BA8A1B8D59970099E0D9 /* ViewController.swift */,
				08F5BAAE1B8DA4090099E0D9 /* ChooseTagViewController.swift */,
				08F5BA8C1B8D59970099E0D9 /* Main.storyboard */,
				08F5BA8F1B8D59970099E0D9 /* Images.xcassets */,
				08F5BA911B8D59970099E0D9 /* LaunchScreen.xib */,
				08F5BA861B8D59970099E0D9 /* Supporting Files */,
			);
			path = GYOMERA;
			sourceTree = "<group>";
		};
		08F5BA861B8D59970099E0D9 /* Supporting Files */ = {
			isa = PBXGroup;
			children = (
				08F5BA871B8D59970099E0D9 /* Info.plist */,
			);
			name = "Supporting Files";
			sourceTree = "<group>";
		};
		08F5BA9B1B8D59970099E0D9 /* GYOMERATests */ = {
			isa = PBXGroup;
			children = (
				08F5BA9E1B8D59970099E0D9 /* GYOMERATests.swift */,
				08F5BA9C1B8D59970099E0D9 /* Supporting Files */,
			);
			path = GYOMERATests;
			sourceTree = "<group>";
		};
		08F5BA9C1B8D59970099E0D9 /* Supporting Files */ = {
			isa = PBXGroup;
			children = (
				08F5BA9D1B8D59970099E0D9 /* Info.plist */,
			);
			name = "Supporting Files";
			sourceTree = "<group>";
		};
		08F5BAB21B8E7EF00099E0D9 /* Design */ = {
			isa = PBXGroup;
			children = (
				08F5BAB01B8E7EE00099E0D9 /* GYOMERAstart.png */,
				08F5BAAA1B8D5F710099E0D9 /* CameraButton.png */,
			);
			name = Design;
			sourceTree = "<group>";
		};
		08F5BAB31B8E980C0099E0D9 /* SDK */ = {
			isa = PBXGroup;
			children = (
				08F5BAB41B8E980C0099E0D9 /* FaceThumbnailCropper.h */,
				08F5BAB51B8E980C0099E0D9 /* FaceThumbnailCropper.m */,
				08F5BAB61B8E980C0099E0D9 /* ReKognitionResults.h */,
				08F5BAB71B8E980C0099E0D9 /* ReKognitionResults.m */,
				08F5BAB81B8E980C0099E0D9 /* ReKognitionSDK.h */,
				08F5BAB91B8E980C0099E0D9 /* RekognitionSDK.m */,
				08F5BABA1B8E980C0099E0D9 /* RekoImageToolbox.h */,
				08F5BABB1B8E980C0099E0D9 /* RekoImageToolbox.m */,
				08F5BAFF1B8EAD5A0099E0D9 /* SVProgressHUD */,
			);
			path = SDK;
			sourceTree = "<group>";
		};
		08F5BAFF1B8EAD5A0099E0D9 /* SVProgressHUD */ = {
			isa = PBXGroup;
			children = (
				08F5BB001B8EAD5A0099E0D9 /* SVIndefiniteAnimatedView.h */,
				08F5BB011B8EAD5A0099E0D9 /* SVIndefiniteAnimatedView.m */,
				08F5BB021B8EAD5A0099E0D9 /* SVProgressHUD-Prefix.pch */,
				08F5BB031B8EAD5A0099E0D9 /* SVProgressHUD.bundle */,
				08F5BB041B8EAD5A0099E0D9 /* SVProgressHUD.h */,
				08F5BB051B8EAD5A0099E0D9 /* SVProgressHUD.m */,
				08F5BB061B8EAD5A0099E0D9 /* SVRadialGradientLayer.h */,
				08F5BB071B8EAD5A0099E0D9 /* SVRadialGradientLayer.m */,
			);
			path = SVProgressHUD;
			sourceTree = "<group>";
		};
/* End PBXGroup section */

/* Begin PBXNativeTarget section */
		08F5BA821B8D59970099E0D9 /* GYOMERA */ = {
			isa = PBXNativeTarget;
			buildConfigurationList = 08F5BAA21B8D59970099E0D9 /* Build configuration list for PBXNativeTarget "GYOMERA" */;
			buildPhases = (
				08F5BA7F1B8D59970099E0D9 /* Sources */,
				08F5BA801B8D59970099E0D9 /* Frameworks */,
				08F5BA811B8D59970099E0D9 /* Resources */,
			);
			buildRules = (
			);
			dependencies = (
			);
			name = GYOMERA;
			productName = GYOMERA;
			productReference = 08F5BA831B8D59970099E0D9 /* GYOMERA.app */;
			productType = "com.apple.product-type.application";
		};
		08F5BA971B8D59970099E0D9 /* GYOMERATests */ = {
			isa = PBXNativeTarget;
			buildConfigurationList = 08F5BAA51B8D59970099E0D9 /* Build configuration list for PBXNativeTarget "GYOMERATests" */;
			buildPhases = (
				08F5BA941B8D59970099E0D9 /* Sources */,
				08F5BA951B8D59970099E0D9 /* Frameworks */,
				08F5BA961B8D59970099E0D9 /* Resources */,
			);
			buildRules = (
			);
			dependencies = (
				08F5BA9A1B8D59970099E0D9 /* PBXTargetDependency */,
			);
			name = GYOMERATests;
			productName = GYOMERATests;
			productReference = 08F5BA981B8D59970099E0D9 /* GYOMERATests.xctest */;
			productType = "com.apple.product-type.bundle.unit-test";
		};
/* End PBXNativeTarget section */

/* Begin PBXProject section */
		08F5BA7B1B8D59970099E0D9 /* Project object */ = {
			isa = PBXProject;
			attributes = {
				LastUpgradeCheck = 0640;
				ORGANIZATIONNAME = "Life is tech";
				TargetAttributes = {
					08F5BA821B8D59970099E0D9 = {
						CreatedOnToolsVersion = 6.4;
					};
					08F5BA971B8D59970099E0D9 = {
						CreatedOnToolsVersion = 6.4;
						TestTargetID = 08F5BA821B8D59970099E0D9;
					};
				};
			};
			buildConfigurationList = 08F5BA7E1B8D59970099E0D9 /* Build configuration list for PBXProject "GYOMERA" */;
			compatibilityVersion = "Xcode 3.2";
			developmentRegion = English;
			hasScannedForEncodings = 0;
			knownRegions = (
				en,
				Base,
			);
			mainGroup = 08F5BA7A1B8D59970099E0D9;
			productRefGroup = 08F5BA841B8D59970099E0D9 /* Products */;
			projectDirPath = "";
			projectRoot = "";
			targets = (
				08F5BA821B8D59970099E0D9 /* GYOMERA */,
				08F5BA971B8D59970099E0D9 /* GYOMERATests */,
			);
		};
/* End PBXProject section */

/* Begin PBXResourcesBuildPhase section */
		08F5BA811B8D59970099E0D9 /* Resources */ = {
			isa = PBXResourcesBuildPhase;
			buildActionMask = 2147483647;
			files = (
				08F5BAB11B8E7EE00099E0D9 /* GYOMERAstart.png in Resources */,
				08F5BB091B8EAD5A0099E0D9 /* SVProgressHUD.bundle in Resources */,
				08F5BAAB1B8D5F710099E0D9 /* CameraButton.png in Resources */,
				08F5BA8E1B8D59970099E0D9 /* Main.storyboard in Resources */,
				08F5BA931B8D59970099E0D9 /* LaunchScreen.xib in Resources */,
				08F5BA901B8D59970099E0D9 /* Images.xcassets in Resources */,
			);
			runOnlyForDeploymentPostprocessing = 0;
		};
		08F5BA961B8D59970099E0D9 /* Resources */ = {
			isa = PBXResourcesBuildPhase;
			buildActionMask = 2147483647;
			files = (
			);
			runOnlyForDeploymentPostprocessing = 0;
		};
/* End PBXResourcesBuildPhase section */

/* Begin PBXSourcesBuildPhase section */
		08F5BA7F1B8D59970099E0D9 /* Sources */ = {
			isa = PBXSourcesBuildPhase;
			buildActionMask = 2147483647;
			files = (
				08F5BAAF1B8DA4090099E0D9 /* ChooseTagViewController.swift in Sources */,
				08F5BABD1B8E980C0099E0D9 /* ReKognitionResults.m in Sources */,
				08F5BA8B1B8D59970099E0D9 /* ViewController.swift in Sources */,
				08F5BB081B8EAD5A0099E0D9 /* SVIndefiniteAnimatedView.m in Sources */,
				08F5BABF1B8E980C0099E0D9 /* RekoImageToolbox.m in Sources */,
				08F5BB0A1B8EAD5A0099E0D9 /* SVProgressHUD.m in Sources */,
				08F5BA891B8D59970099E0D9 /* AppDelegate.swift in Sources */,
				08F5BABE1B8E980C0099E0D9 /* RekognitionSDK.m in Sources */,
				08F5BABC1B8E980C0099E0D9 /* FaceThumbnailCropper.m in Sources */,
				08F5BB0B1B8EAD5A0099E0D9 /* SVRadialGradientLayer.m in Sources */,
			);
			runOnlyForDeploymentPostprocessing = 0;
		};
		08F5BA941B8D59970099E0D9 /* Sources */ = {
			isa = PBXSourcesBuildPhase;
			buildActionMask = 2147483647;
			files = (
				08F5BA9F1B8D59970099E0D9 /* GYOMERATests.swift in Sources */,
			);
			runOnlyForDeploymentPostprocessing = 0;
		};
/* End PBXSourcesBuildPhase section */

/* Begin PBXTargetDependency section */
		08F5BA9A1B8D59970099E0D9 /* PBXTargetDependency */ = {
			isa = PBXTargetDependency;
			target = 08F5BA821B8D59970099E0D9 /* GYOMERA */;
			targetProxy = 08F5BA991B8D59970099E0D9 /* PBXContainerItemProxy */;
		};
/* End PBXTargetDependency section */

/* Begin PBXVariantGroup section */
		08F5BA8C1B8D59970099E0D9 /* Main.storyboard */ = {
			isa = PBXVariantGroup;
			children = (
				08F5BA8D1B8D59970099E0D9 /* Base */,
			);
			name = Main.storyboard;
			sourceTree = "<group>";
		};
		08F5BA911B8D59970099E0D9 /* LaunchScreen.xib */ = {
			isa = PBXVariantGroup;
			children = (
				08F5BA921B8D59970099E0D9 /* Base */,
			);
			name = LaunchScreen.xib;
			sourceTree = "<group>";
		};
/* End PBXVariantGroup section */

/* Begin XCBuildConfiguration section */
		08F5BAA01B8D59970099E0D9 /* Debug */ = {
			isa = XCBuildConfiguration;
			buildSettings = {
				ALWAYS_SEARCH_USER_PATHS = NO;
				CLANG_CXX_LANGUAGE_STANDARD = "gnu++0x";
				CLANG_CXX_LIBRARY = "libc++";
				CLANG_ENABLE_MODULES = YES;
				CLANG_ENABLE_OBJC_ARC = YES;
				CLANG_WARN_BOOL_CONVERSION = YES;
				CLANG_WARN_CONSTANT_CONVERSION = YES;
				CLANG_WARN_DIRECT_OBJC_ISA_USAGE = YES_ERROR;
				CLANG_WARN_EMPTY_BODY = YES;
				CLANG_WARN_ENUM_CONVERSION = YES;
				CLANG_WARN_INT_CONVERSION = YES;
				CLANG_WARN_OBJC_ROOT_CLASS = YES_ERROR;
				CLANG_WARN_UNREACHABLE_CODE = YES;
				CLANG_WARN__DUPLICATE_METHOD_MATCH = YES;
				"CODE_SIGN_IDENTITY[sdk=iphoneos*]" = "iPhone Developer";
				COPY_PHASE_STRIP = NO;
				DEBUG_INFORMATION_FORMAT = "dwarf-with-dsym";
				ENABLE_STRICT_OBJC_MSGSEND = YES;
				GCC_C_LANGUAGE_STANDARD = gnu99;
				GCC_DYNAMIC_NO_PIC = NO;
				GCC_NO_COMMON_BLOCKS = YES;
				GCC_OPTIMIZATION_LEVEL = 0;
				GCC_PREPROCESSOR_DEFINITIONS = (
					"DEBUG=1",
					"$(inherited)",
				);
				GCC_SYMBOLS_PRIVATE_EXTERN = NO;
				GCC_WARN_64_TO_32_BIT_CONVERSION = YES;
				GCC_WARN_ABOUT_RETURN_TYPE = YES_ERROR;
				GCC_WARN_UNDECLARED_SELECTOR = YES;
				GCC_WARN_UNINITIALIZED_AUTOS = YES_AGGRESSIVE;
				GCC_WARN_UNUSED_FUNCTION = YES;
				GCC_WARN_UNUSED_VARIABLE = YES;
				IPHONEOS_DEPLOYMENT_TARGET = 8.4;
				MTL_ENABLE_DEBUG_INFO = YES;
				ONLY_ACTIVE_ARCH = YES;
				SDKROOT = iphoneos;
				SWIFT_OPTIMIZATION_LEVEL = "-Onone";
			};
			name = Debug;
		};
		08F5BAA11B8D59970099E0D9 /* Release */ = {
			isa = XCBuildConfiguration;
			buildSettings = {
				ALWAYS_SEARCH_USER_PATHS = NO;
				CLANG_CXX_LANGUAGE_STANDARD = "gnu++0x";
				CLANG_CXX_LIBRARY = "libc++";
				CLANG_ENABLE_MODULES = YES;
				CLANG_ENABLE_OBJC_ARC = YES;
				CLANG_WARN_BOOL_CONVERSION = YES;
				CLANG_WARN_CONSTANT_CONVERSION = YES;
				CLANG_WARN_DIRECT_OBJC_ISA_USAGE = YES_ERROR;
				CLANG_WARN_EMPTY_BODY = YES;
				CLANG_WARN_ENUM_CONVERSION = YES;
				CLANG_WARN_INT_CONVERSION = YES;
				CLANG_WARN_OBJC_ROOT_CLASS = YES_ERROR;
				CLANG_WARN_UNREACHABLE_CODE = YES;
				CLANG_WARN__DUPLICATE_METHOD_MATCH = YES;
				"CODE_SIGN_IDENTITY[sdk=iphoneos*]" = "iPhone Developer";
				COPY_PHASE_STRIP = NO;
				DEBUG_INFORMATION_FORMAT = "dwarf-with-dsym";
				ENABLE_NS_ASSERTIONS = NO;
				ENABLE_STRICT_OBJC_MSGSEND = YES;
				GCC_C_LANGUAGE_STANDARD = gnu99;
				GCC_NO_COMMON_BLOCKS = YES;
				GCC_WARN_64_TO_32_BIT_CONVERSION = YES;
				GCC_WARN_ABOUT_RETURN_TYPE = YES_ERROR;
				GCC_WARN_UNDECLARED_SELECTOR = YES;
				GCC_WARN_UNINITIALIZED_AUTOS = YES_AGGRESSIVE;
				GCC_WARN_UNUSED_FUNCTION = YES;
				GCC_WARN_UNUSED_VARIABLE = YES;
				IPHONEOS_DEPLOYMENT_TARGET = 8.4;
				MTL_ENABLE_DEBUG_INFO = NO;
				SDKROOT = iphoneos;
				VALIDATE_PRODUCT = YES;
			};
			name = Release;
		};
		08F5BAA31B8D59970099E0D9 /* Debug */ = {
			isa = XCBuildConfiguration;
			buildSettings = {
				ASSETCATALOG_COMPILER_APPICON_NAME = AppIcon;
				INFOPLIST_FILE = GYOMERA/Info.plist;
				IPHONEOS_DEPLOYMENT_TARGET = 8.2;
				LD_RUNPATH_SEARCH_PATHS = "$(inherited) @executable_path/Frameworks";
				PRODUCT_NAME = "$(TARGET_NAME)";
				SWIFT_OBJC_BRIDGING_HEADER = "$(SRCROOT)/$(PROJECT)/GYOMERA-Bridging-Header.h";
			};
			name = Debug;
		};
		08F5BAA41B8D59970099E0D9 /* Release */ = {
			isa = XCBuildConfiguration;
			buildSettings = {
				ASSETCATALOG_COMPILER_APPICON_NAME = AppIcon;
				INFOPLIST_FILE = GYOMERA/Info.plist;
				IPHONEOS_DEPLOYMENT_TARGET = 8.2;
				LD_RUNPATH_SEARCH_PATHS = "$(inherited) @executable_path/Frameworks";
				PRODUCT_NAME = "$(TARGET_NAME)";
				SWIFT_OBJC_BRIDGING_HEADER = "$(SRCROOT)/$(PROJECT)/GYOMERA-Bridging-Header.h";
			};
			name = Release;
		};
		08F5BAA61B8D59970099E0D9 /* Debug */ = {
			isa = XCBuildConfiguration;
			buildSettings = {
				BUNDLE_LOADER = "$(TEST_HOST)";
				FRAMEWORK_SEARCH_PATHS = (
					"$(SDKROOT)/Developer/Library/Frameworks",
					"$(inherited)",
				);
				GCC_PREPROCESSOR_DEFINITIONS = (
					"DEBUG=1",
					"$(inherited)",
				);
				INFOPLIST_FILE = GYOMERATests/Info.plist;
				LD_RUNPATH_SEARCH_PATHS = "$(inherited) @executable_path/Frameworks @loader_path/Frameworks";
				PRODUCT_NAME = "$(TARGET_NAME)";
				TEST_HOST = "$(BUILT_PRODUCTS_DIR)/GYOMERA.app/GYOMERA";
			};
			name = Debug;
		};
		08F5BAA71B8D59970099E0D9 /* Release */ = {
			isa = XCBuildConfiguration;
			buildSettings = {
				BUNDLE_LOADER = "$(TEST_HOST)";
				FRAMEWORK_SEARCH_PATHS = (
					"$(SDKROOT)/Developer/Library/Frameworks",
					"$(inherited)",
				);
				INFOPLIST_FILE = GYOMERATests/Info.plist;
				LD_RUNPATH_SEARCH_PATHS = "$(inherited) @executable_path/Frameworks @loader_path/Frameworks";
				PRODUCT_NAME = "$(TARGET_NAME)";
				TEST_HOST = "$(BUILT_PRODUCTS_DIR)/GYOMERA.app/GYOMERA";
			};
			name = Release;
		};
/* End XCBuildConfiguration section */

/* Begin XCConfigurationList section */
		08F5BA7E1B8D59970099E0D9 /* Build configuration list for PBXProject "GYOMERA" */ = {
			isa = XCConfigurationList;
			buildConfigurations = (
				08F5BAA01B8D59970099E0D9 /* Debug */,
				08F5BAA11B8D59970099E0D9 /* Release */,
			);
			defaultConfigurationIsVisible = 0;
			defaultConfigurationName = Release;
		};
		08F5BAA21B8D59970099E0D9 /* Build configuration list for PBXNativeTarget "GYOMERA" */ = {
			isa = XCConfigurationList;
			buildConfigurations = (
				08F5BAA31B8D59970099E0D9 /* Debug */,
				08F5BAA41B8D59970099E0D9 /* Release */,
			);
			defaultConfigurationIsVisible = 0;
			defaultConfigurationName = Release;
		};
		08F5BAA51B8D59970099E0D9 /* Build configuration list for PBXNativeTarget "GYOMERATests" */ = {
			isa = XCConfigurationList;
			buildConfigurations = (
				08F5BAA61B8D59970099E0D9 /* Debug */,
				08F5BAA71B8D59970099E0D9 /* Release */,
			);
			defaultConfigurationIsVisible = 0;
			defaultConfigurationName = Release;
		};
/* End XCConfigurationList section */
	};
	rootObject = 08F5BA7B1B8D59970099E0D9 /* Project object */;
}
